
Microsoft Visual Studio Solution File, Format Version 12.00
# Visual Studio Version 16
VisualStudioVersion = 16.0.31019.35
MinimumVisualStudioVersion = 10.0.40219.1
Project("{FAE04EC0-301F-11D3-BF4B-00C04F79EFBC}") = "Web410637455", "Web410637455\Web410637455.csproj", "{DE818ABB-C912-4305-8DDC-F59A8E151C5A}"
EndProject
Global
	GlobalSection(SolutionConfigurationPlatforms) = preSolution
		Debug|Any CPU = Debug|Any CPU
		Release|Any CPU = Release|Any CPU
	EndGlobalSection
	GlobalSection(ProjectConfigurationPlatforms) = postSolution
		{DE818ABB-C912-4305-8DDC-F59A8E151C5A}.Debug|Any CPU.ActiveCfg = Debug|Any CPU
		{DE818ABB-C912-4305-8DDC-F59A8E151C5A}.Debug|Any CPU.Build.0 = Debug|Any CPU
		{DE818ABB-C912-4305-8DDC-F59A8E151C5A}.Release|Any CPU.ActiveCfg = Release|Any CPU
		{DE818ABB-C912-4305-8DDC-F59A8E151C5A}.Release|Any CPU.Build.0 = Release|Any CPU
	EndGlobalSection
	GlobalSection(SolutionProperties) = preSolution
		HideSolutionNode = FALSE
	EndGlobalSection
	GlobalSection(ExtensibilityGlobals) = postSolution
		SolutionGuid = {E02629FC-C204-4B89-BAE6-250AB72E9268}
	EndGlobalSection
EndGlobal
